
Microsoft Visual Studio Solution File, Format Version 12.00
# Visual Studio Version 16
VisualStudioVersion = 16.0.32106.194
MinimumVisualStudioVersion = 10.0.40219.1
Project("{9A19103F-16F7-4668-BE54-9A1E7A4F7556}") = "Mission5-Higbee", "Mission4-Higbee\Mission5-Higbee.csproj", "{24A63CC4-B6FC-4597-8AD6-3156C672287A}"
EndProject
Global
	GlobalSection(SolutionConfigurationPlatforms) = preSolution
		Debug|Any CPU = Debug|Any CPU
		Release|Any CPU = Release|Any CPU
	EndGlobalSection
	GlobalSection(ProjectConfigurationPlatforms) = postSolution
		{24A63CC4-B6FC-4597-8AD6-3156C672287A}.Debug|Any CPU.ActiveCfg = Debug|Any CPU
		{24A63CC4-B6FC-4597-8AD6-3156C672287A}.Debug|Any CPU.Build.0 = Debug|Any CPU
		{24A63CC4-B6FC-4597-8AD6-3156C672287A}.Release|Any CPU.ActiveCfg = Release|Any CPU
		{24A63CC4-B6FC-4597-8AD6-3156C672287A}.Release|Any CPU.Build.0 = Release|Any CPU
	EndGlobalSection
	GlobalSection(SolutionProperties) = preSolution
		HideSolutionNode = FALSE
	EndGlobalSection
	GlobalSection(ExtensibilityGlobals) = postSolution
		SolutionGuid = {1AE103FE-DBAC-4DF1-9BFB-25302CA183E3}
	EndGlobalSection
EndGlobal
